// !$*UTF8*$!
{
	archiveVersion = 1;
	classes = {
	};
	objectVersion = 77;
	objects = {

/* Begin PBXBuildFile section */
		AA2000000000000000000001 /* VectorImageCore in Frameworks */ = {isa = PBXBuildFile; productRef = AA2000000000000000000005 /* VectorImageCore */; };
		AA2000000000000000000002 /* VectorImageAdvanced in Frameworks */ = {isa = PBXBuildFile; productRef = AA2000000000000000000006 /* VectorImageAdvanced */; };
		AA2000000000000000000003 /* VectorImageUI in Frameworks */ = {isa = PBXBuildFile; productRef = AA2000000000000000000007 /* VectorImageUI */; };
/* End PBXBuildFile section */

/* Begin PBXContainerItemProxy section */
		6CFB70B62F98B1560028F1A6 /* PBXContainerItemProxy */ = {
			isa = PBXContainerItemProxy;
			containerPortal = 6CFB70A02F98B1540028F1A6 /* Project object */;
			proxyType = 1;
			remoteGlobalIDString = 6CFB70A72F98B1540028F1A6;
			remoteInfo = VectorImageExample;
		};
		6CFB70C02F98B1560028F1A6 /* PBXContainerItemProxy */ = {
			isa = PBXContainerItemProxy;
			containerPortal = 6CFB70A02F98B1540028F1A6 /* Project object */;
			proxyType = 1;
			remoteGlobalIDString = 6CFB70A72F98B1540028F1A6;
			remoteInfo = VectorImageExample;
		};
/* End PBXContainerItemProxy section */

/* Begin PBXFileReference section */
		6CFB70A82F98B1540028F1A6 /* VectorImageExample.app */ = {isa = PBXFileReference; explicitFileType = wrapper.application; includeInIndex = 0; path = VectorImageExample.app; sourceTree = BUILT_PRODUCTS_DIR; };
		6CFB70B52F98B1560028F1A6 /* VectorImageExampleTests.xctest */ = {isa = PBXFileReference; explicitFileType = wrapper.cfbundle; includeInIndex = 0; path = VectorImageExampleTests.xctest; sourceTree = BUILT_PRODUCTS_DIR; };
		6CFB70BF2F98B1560028F1A6 /* VectorImageExampleUITests.xctest */ = {isa = PBXFileReference; explicitFileType = wrapper.cfbundle; includeInIndex = 0; path = VectorImageExampleUITests.xctest; sourceTree = BUILT_PRODUCTS_DIR; };
/* End PBXFileReference section */

/* Begin PBXFileSystemSynchronizedRootGroup section */
		6CFB70AA2F98B1540028F1A6 /* VectorImageExample */ = {
			isa = PBXFileSystemSynchronizedRootGroup;
			path = VectorImageExample;
			sourceTree = "<group>";
		};
		6CFB70B82F98B1560028F1A6 /* VectorImageExampleTests */ = {
			isa = PBXFileSystemSynchronizedRootGroup;
			path = VectorImageExampleTests;
			sourceTree = "<group>";
		};
		6CFB70C22F98B1560028F1A6 /* VectorImageExampleUITests */ = {
			isa = PBXFileSystemSynchronizedRootGroup;
			path = VectorImageExampleUITests;
			sourceTree = "<group>";
		};
/* End PBXFileSystemSynchronizedRootGroup section */

/* Begin PBXFrameworksBuildPhase section */
		6CFB70A52F98B1540028F1A6 /* Frameworks */ = {
			isa = PBXFrameworksBuildPhase;
			buildActionMask = 2147483647;
			files = (
				AA2000000000000000000002 /* VectorImageAdvanced in Frameworks */,
				AA2000000000000000000001 /* VectorImageCore in Frameworks */,
				AA2000000000000000000003 /* VectorImageUI in Frameworks */,
			);
			runOnlyForDeploymentPostprocessing = 0;
		};
		6CFB70B22F98B1560028F1A6 /* Frameworks */ = {
			isa = PBXFrameworksBuildPhase;
			buildActionMask = 2147483647;
			files = (
			);
			runOnlyForDeploymentPostprocessing = 0;
		};
		6CFB70BC2F98B1560028F1A6 /* Frameworks */ = {
			isa = PBXFrameworksBuildPhase;
			buildActionMask = 2147483647;
			files = (
			);
			runOnlyForDeploymentPostprocessing = 0;
		};
/* End PBXFrameworksBuildPhase section */

/* Begin PBXGroup section */
		6CFB709F2F98B1540028F1A6 = {
			isa = PBXGroup;
			children = (
				6CFB70AA2F98B1540028F1A6 /* VectorImageExample */,
				6CFB70B82F98B1560028F1A6 /* VectorImageExampleTests */,
				6CFB70C22F98B1560028F1A6 /* VectorImageExampleUITests */,
				6CFB70A92F98B1540028F1A6 /* Products */,
			);
			sourceTree = "<group>";
		};
		6CFB70A92F98B1540028F1A6 /* Products */ = {
			isa = PBXGroup;
			children = (
				6CFB70A82F98B1540028F1A6 /* VectorImageExample.app */,
				6CFB70B52F98B1560028F1A6 /* VectorImageExampleTests.xctest */,
				6CFB70BF2F98B1560028F1A6 /* VectorImageExampleUITests.xctest */,
			);
			name = Products;
			sourceTree = "<group>";
		};
/* End PBXGroup section */

/* Begin PBXNativeTarget section */
		6CFB70A72F98B1540028F1A6 /* VectorImageExample */ = {
			isa = PBXNativeTarget;
			buildConfigurationList = 6CFB70C92F98B1560028F1A6 /* Build configuration list for PBXNativeTarget "VectorImageExample" */;
			buildPhases = (
				6CFB70A42F98B1540028F1A6 /* Sources */,
				6CFB70A52F98B1540028F1A6 /* Frameworks */,
				6CFB70A62F98B1540028F1A6 /* Resources */,
			);
			buildRules = (
			);
			dependencies = (
			);
			fileSystemSynchronizedGroups = (
				6CFB70AA2F98B1540028F1A6 /* VectorImageExample */,
			);
			name = VectorImageExample;
			packageProductDependencies = (
				AA2000000000000000000005 /* VectorImageCore */,
				AA2000000000000000000006 /* VectorImageAdvanced */,
				AA2000000000000000000007 /* VectorImageUI */,
			);
			productName = VectorImageExample;
			productReference = 6CFB70A82F98B1540028F1A6 /* VectorImageExample.app */;
			productType = "com.apple.product-type.application";
		};
		6CFB70B42F98B1560028F1A6 /* VectorImageExampleTests */ = {
			isa = PBXNativeTarget;
			buildConfigurationList = 6CFB70CC2F98B1560028F1A6 /* Build configuration list for PBXNativeTarget "VectorImageExampleTests" */;
			buildPhases = (
				6CFB70B12F98B1560028F1A6 /* Sources */,
				6CFB70B22F98B1560028F1A6 /* Frameworks */,
				6CFB70B32F98B1560028F1A6 /* Resources */,
			);
			buildRules = (
			);
			dependencies = (
				6CFB70B72F98B1560028F1A6 /* PBXTargetDependency */,
			);
			fileSystemSynchronizedGroups = (
				6CFB70B82F98B1560028F1A6 /* VectorImageExampleTests */,
			);
			name = VectorImageExampleTests;
			packageProductDependencies = (
			);
			productName = VectorImageExampleTests;
			productReference = 6CFB70B52F98B1560028F1A6 /* VectorImageExampleTests.xctest */;
			productType = "com.apple.product-type.bundle.unit-test";
		};
		6CFB70BE2F98B1560028F1A6 /* VectorImageExampleUITests */ = {
			isa = PBXNativeTarget;
			buildConfigurationList = 6CFB70CF2F98B1560028F1A6 /* Build configuration list for PBXNativeTarget "VectorImageExampleUITests" */;
			buildPhases = (
				6CFB70BB2F98B1560028F1A6 /* Sources */,
				6CFB70BC2F98B1560028F1A6 /* Frameworks */,
				6CFB70BD2F98B1560028F1A6 /* Resources */,
			);
			buildRules = (
			);
			dependencies = (
				6CFB70C12F98B1560028F1A6 /* PBXTargetDependency */,
			);
			fileSystemSynchronizedGroups = (
				6CFB70C22F98B1560028F1A6 /* VectorImageExampleUITests */,
			);
			name = VectorImageExampleUITests;
			packageProductDependencies = (
			);
			productName = VectorImageExampleUITests;
			productReference = 6CFB70BF2F98B1560028F1A6 /* VectorImageExampleUITests.xctest */;
			productType = "com.apple.product-type.bundle.ui-testing";
		};
/* End PBXNativeTarget section */

/* Begin PBXProject section */
		6CFB70A02F98B1540028F1A6 /* Project object */ = {
			isa = PBXProject;
			attributes = {
				BuildIndependentTargetsInParallel = 1;
				LastSwiftUpdateCheck = 2640;
				LastUpgradeCheck = 2640;
				TargetAttributes = {
					6CFB70A72F98B1540028F1A6 = {
						CreatedOnToolsVersion = 26.4;
					};
					6CFB70B42F98B1560028F1A6 = {
						CreatedOnToolsVersion = 26.4;
						TestTargetID = 6CFB70A72F98B1540028F1A6;
					};
					6CFB70BE2F98B1560028F1A6 = {
						CreatedOnToolsVersion = 26.4;
						TestTargetID = 6CFB70A72F98B1540028F1A6;
					};
				};
			};
			buildConfigurationList = 6CFB70A32F98B1540028F1A6 /* Build configuration list for PBXProject "VectorImageExample" */;
			developmentRegion = en;
			hasScannedForEncodings = 0;
			knownRegions = (
				en,
				Base,
			);
			mainGroup = 6CFB709F2F98B1540028F1A6;
			minimizedProjectReferenceProxies = 1;
			packageReferences = (
				AA2000000000000000000004 /* XCLocalSwiftPackageReference "../../" */,
			);
			preferredProjectObjectVersion = 77;
			productRefGroup = 6CFB70A92F98B1540028F1A6 /* Products */;
			projectDirPath = "";
			projectRoot = "";
			targets = (
				6CFB70A72F98B1540028F1A6 /* VectorImageExample */,
				6CFB70B42F98B1560028F1A6 /* VectorImageExampleTests */,
				6CFB70BE2F98B1560028F1A6 /* VectorImageExampleUITests */,
			);
		};
/* End PBXProject section */

/* Begin PBXResourcesBuildPhase section */
		6CFB70A62F98B1540028F1A6 /* Resources */ = {
			isa = PBXResourcesBuildPhase;
			buildActionMask = 2147483647;
			files = (
			);
			runOnlyForDeploymentPostprocessing = 0;
		};
		6CFB70B32F98B1560028F1A6 /* Resources */ = {
			isa = PBXResourcesBuildPhase;
			buildActionMask = 2147483647;
			files = (
			);
			runOnlyForDeploymentPostprocessing = 0;
		};
		6CFB70BD2F98B1560028F1A6 /* Resources */ = {
			isa = PBXResourcesBuildPhase;
			buildActionMask = 2147483647;
			files = (
			);
			runOnlyForDeploymentPostprocessing = 0;
		};
/* End PBXResourcesBuildPhase section */

/* Begin PBXSourcesBuildPhase section */
		6CFB70A42F98B1540028F1A6 /* Sources */ = {
			isa = PBXSourcesBuildPhase;
			buildActionMask = 2147483647;
			files = (
			);
			runOnlyForDeploymentPostprocessing = 0;
		};
		6CFB70B12F98B1560028F1A6 /* Sources */ = {
			isa = PBXSourcesBuildPhase;
			buildActionMask = 2147483647;
			files = (
			);
			runOnlyForDeploymentPostprocessing = 0;
		};
		6CFB70BB2F98B1560028F1A6 /* Sources */ = {
			isa = PBXSourcesBuildPhase;
			buildActionMask = 2147483647;
			files = (
			);
			runOnlyForDeploymentPostprocessing = 0;
		};
/* End PBXSourcesBuildPhase section */

/* Begin PBXTargetDependency section */
		6CFB70B72F98B1560028F1A6 /* PBXTargetDependency */ = {
			isa = PBXTargetDependency;
			target = 6CFB70A72F98B1540028F1A6 /* VectorImageExample */;
			targetProxy = 6CFB70B62F98B1560028F1A6 /* PBXContainerItemProxy */;
		};
		6CFB70C12F98B1560028F1A6 /* PBXTargetDependency */ = {
			isa = PBXTargetDependency;
			target = 6CFB70A72F98B1540028F1A6 /* VectorImageExample */;
			targetProxy = 6CFB70C02F98B1560028F1A6 /* PBXContainerItemProxy */;
		};
/* End PBXTargetDependency section */

/* Begin XCBuildConfiguration section */
		6CFB70C72F98B1560028F1A6 /* Debug */ = {
			isa = XCBuildConfiguration;
			buildSettings = {
				ALWAYS_SEARCH_USER_PATHS = NO;
				ASSETCATALOG_COMPILER_GENERATE_SWIFT_ASSET_SYMBOL_EXTENSIONS = YES;
				CLANG_ANALYZER_NONNULL = YES;
				CLANG_ANALYZER_NUMBER_OBJECT_CONVERSION = YES_AGGRESSIVE;
				CLANG_CXX_LANGUAGE_STANDARD = "gnu++20";
				CLANG_ENABLE_MODULES = YES;
				CLANG_ENABLE_OBJC_ARC = YES;
				CLANG_ENABLE_OBJC_WEAK = YES;
				CLANG_WARN_BLOCK_CAPTURE_AUTORELEASING = YES;
				CLANG_WARN_BOOL_CONVERSION = YES;
				CLANG_WARN_COMMA = YES;
				CLANG_WARN_CONSTANT_CONVERSION = YES;
				CLANG_WARN_DEPRECATED_OBJC_IMPLEMENTATIONS = YES;
				CLANG_WARN_DIRECT_OBJC_ISA_USAGE = YES_ERROR;
				CLANG_WARN_DOCUMENTATION_COMMENTS = YES;
				CLANG_WARN_EMPTY_BODY = YES;
				CLANG_WARN_ENUM_CONVERSION = YES;
				CLANG_WARN_INFINITE_RECURSION = YES;
				CLANG_WARN_INT_CONVERSION = YES;
				CLANG_WARN_NON_LITERAL_NULL_CONVERSION = YES;
				CLANG_WARN_OBJC_IMPLICIT_RETAIN_SELF = YES;
				CLANG_WARN_OBJC_LITERAL_CONVERSION = YES;
				CLANG_WARN_OBJC_ROOT_CLASS = YES_ERROR;
				CLANG_WARN_QUOTED_INCLUDE_IN_FRAMEWORK_HEADER = YES;
				CLANG_WARN_RANGE_LOOP_ANALYSIS = YES;
				CLANG_WARN_STRICT_PROTOTYPES = YES;
				CLANG_WARN_SUSPICIOUS_MOVE = YES;
				CLANG_WARN_UNGUARDED_AVAILABILITY = YES_AGGRESSIVE;
				CLANG_WARN_UNREACHABLE_CODE = YES;
				CLANG_WARN__DUPLICATE_METHOD_MATCH = YES;
				COPY_PHASE_STRIP = NO;
				DEBUG_INFORMATION_FORMAT = dwarf;
				DEVELOPMENT_TEAM = HW6VN8DV3P;
				ENABLE_STRICT_OBJC_MSGSEND = YES;
				ENABLE_TESTABILITY = YES;
				ENABLE_USER_SCRIPT_SANDBOXING = YES;
				GCC_C_LANGUAGE_STANDARD = gnu17;
				GCC_DYNAMIC_NO_PIC = NO;
				GCC_NO_COMMON_BLOCKS = YES;
				GCC_OPTIMIZATION_LEVEL = 0;
				GCC_PREPROCESSOR_DEFINITIONS = (
					"DEBUG=1",
					"$(inherited)",
				);
				GCC_WARN_64_TO_32_BIT_CONVERSION = YES;
				GCC_WARN_ABOUT_RETURN_TYPE = YES_ERROR;
				GCC_WARN_UNDECLARED_SELECTOR = YES;
				GCC_WARN_UNINITIALIZED_AUTOS = YES_AGGRESSIVE;
				GCC_WARN_UNUSED_FUNCTION = YES;
				GCC_WARN_UNUSED_VARIABLE = YES;
				IPHONEOS_DEPLOYMENT_TARGET = 15.0;
				LOCALIZATION_PREFERS_STRING_CATALOGS = YES;
				MTL_ENABLE_DEBUG_INFO = INCLUDE_SOURCE;
				MTL_FAST_MATH = YES;
				ONLY_ACTIVE_ARCH = YES;
				SDKROOT = iphoneos;
				SWIFT_ACTIVE_COMPILATION_CONDITIONS = "DEBUG $(inherited)";
				SWIFT_OPTIMIZATION_LEVEL = "-Onone";
			};
			name = Debug;
		};
		6CFB70C82F98B1560028F1A6 /* Release */ = {
			isa = XCBuildConfiguration;
			buildSettings = {
				ALWAYS_SEARCH_USER_PATHS = NO;
				ASSETCATALOG_COMPILER_GENERATE_SWIFT_ASSET_SYMBOL_EXTENSIONS = YES;
				CLANG_ANALYZER_NONNULL = YES;
				CLANG_ANALYZER_NUMBER_OBJECT_CONVERSION = YES_AGGRESSIVE;
				CLANG_CXX_LANGUAGE_STANDARD = "gnu++20";
				CLANG_ENABLE_MODULES = YES;
				CLANG_ENABLE_OBJC_ARC = YES;
				CLANG_ENABLE_OBJC_WEAK = YES;
				CLANG_WARN_BLOCK_CAPTURE_AUTORELEASING = YES;
				CLANG_WARN_BOOL_CONVERSION = YES;
				CLANG_WARN_COMMA = YES;
				CLANG_WARN_CONSTANT_CONVERSION = YES;
				CLANG_WARN_DEPRECATED_OBJC_IMPLEMENTATIONS = YES;
				CLANG_WARN_DIRECT_OBJC_ISA_USAGE = YES_ERROR;
				CLANG_WARN_DOCUMENTATION_COMMENTS = YES;
				CLANG_WARN_EMPTY_BODY = YES;
				CLANG_WARN_ENUM_CONVERSION = YES;
				CLANG_WARN_INFINITE_RECURSION = YES;
				CLANG_WARN_INT_CONVERSION = YES;
				CLANG_WARN_NON_LITERAL_NULL_CONVERSION = YES;
				CLANG_WARN_OBJC_IMPLICIT_RETAIN_SELF = YES;
				CLANG_WARN_OBJC_LITERAL_CONVERSION = YES;
				CLANG_WARN_OBJC_ROOT_CLASS = YES_ERROR;
				CLANG_WARN_QUOTED_INCLUDE_IN_FRAMEWORK_HEADER = YES;
				CLANG_WARN_RANGE_LOOP_ANALYSIS = YES;
				CLANG_WARN_STRICT_PROTOTYPES = YES;
				CLANG_WARN_SUSPICIOUS_MOVE = YES;
				CLANG_WARN_UNGUARDED_AVAILABILITY = YES_AGGRESSIVE;
				CLANG_WARN_UNREACHABLE_CODE = YES;
				CLANG_WARN__DUPLICATE_METHOD_MATCH = YES;
				COPY_PHASE_STRIP = NO;
				DEBUG_INFORMATION_FORMAT = "dwarf-with-dsym";
				DEVELOPMENT_TEAM = HW6VN8DV3P;
				ENABLE_NS_ASSERTIONS = NO;
				ENABLE_STRICT_OBJC_MSGSEND = YES;
				ENABLE_USER_SCRIPT_SANDBOXING = YES;
				GCC_C_LANGUAGE_STANDARD = gnu17;
				GCC_NO_COMMON_BLOCKS = YES;
				GCC_WARN_64_TO_32_BIT_CONVERSION = YES;
				GCC_WARN_ABOUT_RETURN_TYPE = YES_ERROR;
				GCC_WARN_UNDECLARED_SELECTOR = YES;
				GCC_WARN_UNINITIALIZED_AUTOS = YES_AGGRESSIVE;
				GCC_WARN_UNUSED_FUNCTION = YES;
				GCC_WARN_UNUSED_VARIABLE = YES;
				IPHONEOS_DEPLOYMENT_TARGET = 15.0;
				LOCALIZATION_PREFERS_STRING_CATALOGS = YES;
				MTL_ENABLE_DEBUG_INFO = NO;
				MTL_FAST_MATH = YES;
				SDKROOT = iphoneos;
				SWIFT_COMPILATION_MODE = wholemodule;
				VALIDATE_PRODUCT = YES;
			};
			name = Release;
		};
		6CFB70CA2F98B1560028F1A6 /* Debug */ = {
			isa = XCBuildConfiguration;
			buildSettings = {
				ASSETCATALOG_COMPILER_APPICON_NAME = AppIcon;
				ASSETCATALOG_COMPILER_GLOBAL_ACCENT_COLOR_NAME = AccentColor;
				CODE_SIGN_STYLE = Automatic;
				CURRENT_PROJECT_VERSION = 1;
				DEVELOPMENT_TEAM = HW6VN8DV3P;
				ENABLE_PREVIEWS = YES;
				GENERATE_INFOPLIST_FILE = YES;
				INFOPLIST_KEY_UIApplicationSceneManifest_Generation = YES;
				INFOPLIST_KEY_UIApplicationSupportsIndirectInputEvents = YES;
				INFOPLIST_KEY_UILaunchScreen_Generation = YES;
				INFOPLIST_KEY_UISupportedInterfaceOrientations_iPad = "UIInterfaceOrientationPortrait UIInterfaceOrientationPortraitUpsideDown UIInterfaceOrientationLandscapeLeft UIInterfaceOrientationLandscapeRight";
				INFOPLIST_KEY_UISupportedInterfaceOrientations_iPhone = "UIInterfaceOrientationPortrait UIInterfaceOrientationLandscapeLeft UIInterfaceOrientationLandscapeRight";
				IPHONEOS_DEPLOYMENT_TARGET = 15.0;
				LD_RUNPATH_SEARCH_PATHS = (
					"$(inherited)",
					"@executable_path/Frameworks",
				);
				MARKETING_VERSION = 1.0;
				PRODUCT_BUNDLE_IDENTIFIER = com.alti.VectorImageExample;
				PRODUCT_NAME = "$(TARGET_NAME)";
				STRING_CATALOG_GENERATE_SYMBOLS = YES;
				SWIFT_APPROACHABLE_CONCURRENCY = YES;
				SWIFT_DEFAULT_ACTOR_ISOLATION = MainActor;
				SWIFT_EMIT_LOC_STRINGS = YES;
				SWIFT_UPCOMING_FEATURE_MEMBER_IMPORT_VISIBILITY = YES;
				SWIFT_VERSION = 5.0;
				TARGETED_DEVICE_FAMILY = "1,2";
			};
			name = Debug;
		};
		6CFB70CB2F98B1560028F1A6 /* Release */ = {
			isa = XCBuildConfiguration;
			buildSettings = {
				ASSETCATALOG_COMPILER_APPICON_NAME = AppIcon;
				ASSETCATALOG_COMPILER_GLOBAL_ACCENT_COLOR_NAME = AccentColor;
				CODE_SIGN_STYLE = Automatic;
				CURRENT_PROJECT_VERSION = 1;
				DEVELOPMENT_TEAM = HW6VN8DV3P;
				ENABLE_PREVIEWS = YES;
				GENERATE_INFOPLIST_FILE = YES;
				INFOPLIST_KEY_UIApplicationSceneManifest_Generation = YES;
				INFOPLIST_KEY_UIApplicationSupportsIndirectInputEvents = YES;
				INFOPLIST_KEY_UILaunchScreen_Generation = YES;
				INFOPLIST_KEY_UISupportedInterfaceOrientations_iPad = "UIInterfaceOrientationPortrait UIInterfaceOrientationPortraitUpsideDown UIInterfaceOrientationLandscapeLeft UIInterfaceOrientationLandscapeRight";
				INFOPLIST_KEY_UISupportedInterfaceOrientations_iPhone = "UIInterfaceOrientationPortrait UIInterfaceOrientationLandscapeLeft UIInterfaceOrientationLandscapeRight";
				IPHONEOS_DEPLOYMENT_TARGET = 15.0;
				LD_RUNPATH_SEARCH_PATHS = (
					"$(inherited)",
					"@executable_path/Frameworks",
				);
				MARKETING_VERSION = 1.0;
				PRODUCT_BUNDLE_IDENTIFIER = com.alti.VectorImageExample;
				PRODUCT_NAME = "$(TARGET_NAME)";
				STRING_CATALOG_GENERATE_SYMBOLS = YES;
				SWIFT_APPROACHABLE_CONCURRENCY = YES;
				SWIFT_DEFAULT_ACTOR_ISOLATION = MainActor;
				SWIFT_EMIT_LOC_STRINGS = YES;
				SWIFT_UPCOMING_FEATURE_MEMBER_IMPORT_VISIBILITY = YES;
				SWIFT_VERSION = 5.0;
				TARGETED_DEVICE_FAMILY = "1,2";
			};
			name = Release;
		};
		6CFB70CD2F98B1560028F1A6 /* Debug */ = {
			isa = XCBuildConfiguration;
			buildSettings = {
				BUNDLE_LOADER = "$(TEST_HOST)";
				CODE_SIGN_STYLE = Automatic;
				CURRENT_PROJECT_VERSION = 1;
				DEVELOPMENT_TEAM = HW6VN8DV3P;
				GENERATE_INFOPLIST_FILE = YES;
				IPHONEOS_DEPLOYMENT_TARGET = 15.0;
				MARKETING_VERSION = 1.0;
				PRODUCT_BUNDLE_IDENTIFIER = com.alti.VectorImageExampleTests;
				PRODUCT_NAME = "$(TARGET_NAME)";
				STRING_CATALOG_GENERATE_SYMBOLS = NO;
				SWIFT_APPROACHABLE_CONCURRENCY = YES;
				SWIFT_EMIT_LOC_STRINGS = NO;
				SWIFT_UPCOMING_FEATURE_MEMBER_IMPORT_VISIBILITY = YES;
				SWIFT_VERSION = 5.0;
				TARGETED_DEVICE_FAMILY = "1,2";
				TEST_HOST = "$(BUILT_PRODUCTS_DIR)/VectorImageExample.app/$(BUNDLE_EXECUTABLE_FOLDER_PATH)/VectorImageExample";
			};
			name = Debug;
		};
		6CFB70CE2F98B1560028F1A6 /* Release */ = {
			isa = XCBuildConfiguration;
			buildSettings = {
				BUNDLE_LOADER = "$(TEST_HOST)";
				CODE_SIGN_STYLE = Automatic;
				CURRENT_PROJECT_VERSION = 1;
				DEVELOPMENT_TEAM = HW6VN8DV3P;
				GENERATE_INFOPLIST_FILE = YES;
				IPHONEOS_DEPLOYMENT_TARGET = 15.0;
				MARKETING_VERSION = 1.0;
				PRODUCT_BUNDLE_IDENTIFIER = com.alti.VectorImageExampleTests;
				PRODUCT_NAME = "$(TARGET_NAME)";
				STRING_CATALOG_GENERATE_SYMBOLS = NO;
				SWIFT_APPROACHABLE_CONCURRENCY = YES;
				SWIFT_EMIT_LOC_STRINGS = NO;
				SWIFT_UPCOMING_FEATURE_MEMBER_IMPORT_VISIBILITY = YES;
				SWIFT_VERSION = 5.0;
				TARGETED_DEVICE_FAMILY = "1,2";
				TEST_HOST = "$(BUILT_PRODUCTS_DIR)/VectorImageExample.app/$(BUNDLE_EXECUTABLE_FOLDER_PATH)/VectorImageExample";
			};
			name = Release;
		};
		6CFB70D02F98B1560028F1A6 /* Debug */ = {
			isa = XCBuildConfiguration;
			buildSettings = {
				CODE_SIGN_STYLE = Automatic;
				CURRENT_PROJECT_VERSION = 1;
				DEVELOPMENT_TEAM = HW6VN8DV3P;
				GENERATE_INFOPLIST_FILE = YES;
				IPHONEOS_DEPLOYMENT_TARGET = 15.0;
				MARKETING_VERSION = 1.0;
				PRODUCT_BUNDLE_IDENTIFIER = com.alti.VectorImageExampleUITests;
				PRODUCT_NAME = "$(TARGET_NAME)";
				STRING_CATALOG_GENERATE_SYMBOLS = NO;
				SWIFT_APPROACHABLE_CONCURRENCY = YES;
				SWIFT_EMIT_LOC_STRINGS = NO;
				SWIFT_UPCOMING_FEATURE_MEMBER_IMPORT_VISIBILITY = YES;
				SWIFT_VERSION = 5.0;
				TARGETED_DEVICE_FAMILY = "1,2";
				TEST_TARGET_NAME = VectorImageExample;
			};
			name = Debug;
		};
		6CFB70D12F98B1560028F1A6 /* Release */ = {
			isa = XCBuildConfiguration;
			buildSettings = {
				CODE_SIGN_STYLE = Automatic;
				CURRENT_PROJECT_VERSION = 1;
				DEVELOPMENT_TEAM = HW6VN8DV3P;
				GENERATE_INFOPLIST_FILE = YES;
				IPHONEOS_DEPLOYMENT_TARGET = 15.0;
				MARKETING_VERSION = 1.0;
				PRODUCT_BUNDLE_IDENTIFIER = com.alti.VectorImageExampleUITests;
				PRODUCT_NAME = "$(TARGET_NAME)";
				STRING_CATALOG_GENERATE_SYMBOLS = NO;
				SWIFT_APPROACHABLE_CONCURRENCY = YES;
				SWIFT_EMIT_LOC_STRINGS = NO;
				SWIFT_UPCOMING_FEATURE_MEMBER_IMPORT_VISIBILITY = YES;
				SWIFT_VERSION = 5.0;
				TARGETED_DEVICE_FAMILY = "1,2";
				TEST_TARGET_NAME = VectorImageExample;
			};
			name = Release;
		};
/* End XCBuildConfiguration section */

/* Begin XCConfigurationList section */
		6CFB70A32F98B1540028F1A6 /* Build configuration list for PBXProject "VectorImageExample" */ = {
			isa = XCConfigurationList;
			buildConfigurations = (
				6CFB70C72F98B1560028F1A6 /* Debug */,
				6CFB70C82F98B1560028F1A6 /* Release */,
			);
			defaultConfigurationIsVisible = 0;
			defaultConfigurationName = Release;
		};
		6CFB70C92F98B1560028F1A6 /* Build configuration list for PBXNativeTarget "VectorImageExample" */ = {
			isa = XCConfigurationList;
			buildConfigurations = (
				6CFB70CA2F98B1560028F1A6 /* Debug */,
				6CFB70CB2F98B1560028F1A6 /* Release */,
			);
			defaultConfigurationIsVisible = 0;
			defaultConfigurationName = Release;
		};
		6CFB70CC2F98B1560028F1A6 /* Build configuration list for PBXNativeTarget "VectorImageExampleTests" */ = {
			isa = XCConfigurationList;
			buildConfigurations = (
				6CFB70CD2F98B1560028F1A6 /* Debug */,
				6CFB70CE2F98B1560028F1A6 /* Release */,
			);
			defaultConfigurationIsVisible = 0;
			defaultConfigurationName = Release;
		};
		6CFB70CF2F98B1560028F1A6 /* Build configuration list for PBXNativeTarget "VectorImageExampleUITests" */ = {
			isa = XCConfigurationList;
			buildConfigurations = (
				6CFB70D02F98B1560028F1A6 /* Debug */,
				6CFB70D12F98B1560028F1A6 /* Release */,
			);
			defaultConfigurationIsVisible = 0;
			defaultConfigurationName = Release;
		};
/* End XCConfigurationList section */

/* Begin XCLocalSwiftPackageReference section */
		AA2000000000000000000004 /* XCLocalSwiftPackageReference "../../" */ = {
			isa = XCLocalSwiftPackageReference;
			relativePath = ../../;
		};
/* End XCLocalSwiftPackageReference section */

/* Begin XCSwiftPackageProductDependency section */
		AA2000000000000000000005 /* VectorImageCore */ = {
			isa = XCSwiftPackageProductDependency;
			package = AA2000000000000000000004 /* XCLocalSwiftPackageReference "../../" */;
			productName = VectorImageCore;
		};
		AA2000000000000000000006 /* VectorImageAdvanced */ = {
			isa = XCSwiftPackageProductDependency;
			package = AA2000000000000000000004 /* XCLocalSwiftPackageReference "../../" */;
			productName = VectorImageAdvanced;
		};
		AA2000000000000000000007 /* VectorImageUI */ = {
			isa = XCSwiftPackageProductDependency;
			package = AA2000000000000000000004 /* XCLocalSwiftPackageReference "../../" */;
			productName = VectorImageUI;
		};
/* End XCSwiftPackageProductDependency section */
	};
	rootObject = 6CFB70A02F98B1540028F1A6 /* Project object */;
}
